<?xml version="1.0" encoding="utf-8"?>
<Project ToolsVersion="12.0" xmlns="http://schemas.microsoft.com/developer/msbuild/2003">
  <ItemGroup>
    <CustomBuild Include="F:\Projects\pptk_builds\build_python35\CMakeFiles\73254a82e613f574fcf82c43f0b0b52b\LICENSE.rule">
      <Filter>CMake Rules</Filter>
    </CustomBuild>
    <CustomBuild Include="F:\Projects\pptk_builds\source\CMakeLists.txt" />
  </ItemGroup>
  <ItemGroup>
    <None Include="F:\Projects\pptk_builds\build_python35\CMakeFiles\LICENSE" />
  </ItemGroup>
  <ItemGroup>
    <Filter Include="CMake Rules">
      <UniqueIdentifier>{1C399D52-6836-34ED-8025-8EA411906ED3}</UniqueIdentifier>
    </Filter>
  </ItemGroup>
</Project>
